
Microsoft Visual Studio Solution File, Format Version 12.00
# Visual Studio Version 17
VisualStudioVersion = 17.8.34525.116
MinimumVisualStudioVersion = 10.0.40219.1
Project("{9A19103F-16F7-4668-BE54-9A1E7A4F7556}") = "Management.Dashboard.ChangeListener", "Management.Dashboard.ChangeListener.csproj", "{70CB3445-507B-4EE0-A2E7-9C891F9E5D8A}"
EndProject
Global
	GlobalSection(SolutionConfigurationPlatforms) = preSolution
		Debug|Any CPU = Debug|Any CPU
		Release|Any CPU = Release|Any CPU
	EndGlobalSection
	GlobalSection(ProjectConfigurationPlatforms) = postSolution
		{70CB3445-507B-4EE0-A2E7-9C891F9E5D8A}.Debug|Any CPU.ActiveCfg = Debug|Any CPU
		{70CB3445-507B-4EE0-A2E7-9C891F9E5D8A}.Debug|Any CPU.Build.0 = Debug|Any CPU
		{70CB3445-507B-4EE0-A2E7-9C891F9E5D8A}.Release|Any CPU.ActiveCfg = Release|Any CPU
		{70CB3445-507B-4EE0-A2E7-9C891F9E5D8A}.Release|Any CPU.Build.0 = Release|Any CPU
	EndGlobalSection
	GlobalSection(SolutionProperties) = preSolution
		HideSolutionNode = FALSE
	EndGlobalSection
	GlobalSection(ExtensibilityGlobals) = postSolution
		SolutionGuid = {46A99763-2B82-464A-B023-1D833669A539}
	EndGlobalSection
EndGlobal
